
Microsoft Visual Studio Solution File, Format Version 12.00
# Visual Studio 15
VisualStudioVersion = 15.0.27703.2042
MinimumVisualStudioVersion = 10.0.40219.1
Project("{FAE04EC0-301F-11D3-BF4B-00C04F79EFBC}") = "ArraysAndListsExample", "ArraysAndListsExample\ArraysAndListsExample.csproj", "{78316729-0E10-472A-82C0-4D337D66BE0B}"
EndProject
Global
	GlobalSection(SolutionConfigurationPlatforms) = preSolution
		Debug|Any CPU = Debug|Any CPU
		Release|Any CPU = Release|Any CPU
	EndGlobalSection
	GlobalSection(ProjectConfigurationPlatforms) = postSolution
		{78316729-0E10-472A-82C0-4D337D66BE0B}.Debug|Any CPU.ActiveCfg = Debug|Any CPU
		{78316729-0E10-472A-82C0-4D337D66BE0B}.Debug|Any CPU.Build.0 = Debug|Any CPU
		{78316729-0E10-472A-82C0-4D337D66BE0B}.Release|Any CPU.ActiveCfg = Release|Any CPU
		{78316729-0E10-472A-82C0-4D337D66BE0B}.Release|Any CPU.Build.0 = Release|Any CPU
	EndGlobalSection
	GlobalSection(SolutionProperties) = preSolution
		HideSolutionNode = FALSE
	EndGlobalSection
	GlobalSection(ExtensibilityGlobals) = postSolution
		SolutionGuid = {CB3C93AD-8C99-4D6B-9D53-975BB1DEE6DB}
	EndGlobalSection
EndGlobal
