
Microsoft Visual Studio Solution File, Format Version 12.00
# Visual Studio 15
VisualStudioVersion = 15.0.27703.2035
MinimumVisualStudioVersion = 10.0.40219.1
Project("{FAE04EC0-301F-11D3-BF4B-00C04F79EFBC}") = "Anonymous_Income_Comparison_Program", "Anonymous_Income_Comparison_Program\Anonymous_Income_Comparison_Program.csproj", "{DF769107-2376-4EC9-8942-7438FDAA6601}"
EndProject
Global
	GlobalSection(SolutionConfigurationPlatforms) = preSolution
		Debug|Any CPU = Debug|Any CPU
		Release|Any CPU = Release|Any CPU
	EndGlobalSection
	GlobalSection(ProjectConfigurationPlatforms) = postSolution
		{DF769107-2376-4EC9-8942-7438FDAA6601}.Debug|Any CPU.ActiveCfg = Debug|Any CPU
		{DF769107-2376-4EC9-8942-7438FDAA6601}.Debug|Any CPU.Build.0 = Debug|Any CPU
		{DF769107-2376-4EC9-8942-7438FDAA6601}.Release|Any CPU.ActiveCfg = Release|Any CPU
		{DF769107-2376-4EC9-8942-7438FDAA6601}.Release|Any CPU.Build.0 = Release|Any CPU
	EndGlobalSection
	GlobalSection(SolutionProperties) = preSolution
		HideSolutionNode = FALSE
	EndGlobalSection
	GlobalSection(ExtensibilityGlobals) = postSolution
		SolutionGuid = {224BECD4-2A7D-4AC3-B0A9-6E1988305F46}
	EndGlobalSection
EndGlobal
